// !$*UTF8*$!
{
	archiveVersion = 1;
	classes = {
	};
	objectVersion = 50;
	objects = {

/* Begin PBXBuildFile section */
		04A2109424A0D7C20035A596 /* AppDelegate.swift in Sources */ = {isa = PBXBuildFile; fileRef = 04A2109324A0D7C20035A596 /* AppDelegate.swift */; };
		04A2109624A0D7C20035A596 /* SceneDelegate.swift in Sources */ = {isa = PBXBuildFile; fileRef = 04A2109524A0D7C20035A596 /* SceneDelegate.swift */; };
		04A2109824A0D7C20035A596 /* ViewController.swift in Sources */ = {isa = PBXBuildFile; fileRef = 04A2109724A0D7C20035A596 /* ViewController.swift */; };
		04A2109B24A0D7C20035A596 /* Main.storyboard in Resources */ = {isa = PBXBuildFile; fileRef = 04A2109924A0D7C20035A596 /* Main.storyboard */; };
		04A2109E24A0D7C20035A596 /* Doctor_App.xcdatamodeld in Sources */ = {isa = PBXBuildFile; fileRef = 04A2109C24A0D7C20035A596 /* Doctor_App.xcdatamodeld */; };
		04A210A024A0D7C60035A596 /* Assets.xcassets in Resources */ = {isa = PBXBuildFile; fileRef = 04A2109F24A0D7C60035A596 /* Assets.xcassets */; };
		04A210A324A0D7C60035A596 /* LaunchScreen.storyboard in Resources */ = {isa = PBXBuildFile; fileRef = 04A210A124A0D7C60035A596 /* LaunchScreen.storyboard */; };
/* End PBXBuildFile section */

/* Begin PBXFileReference section */
		04A2109024A0D7C20035A596 /* Doctor App.app */ = {isa = PBXFileReference; explicitFileType = wrapper.application; includeInIndex = 0; path = "Doctor App.app"; sourceTree = BUILT_PRODUCTS_DIR; };
		04A2109324A0D7C20035A596 /* AppDelegate.swift */ = {isa = PBXFileReference; lastKnownFileType = sourcecode.swift; path = AppDelegate.swift; sourceTree = "<group>"; };
		04A2109524A0D7C20035A596 /* SceneDelegate.swift */ = {isa = PBXFileReference; lastKnownFileType = sourcecode.swift; path = SceneDelegate.swift; sourceTree = "<group>"; };
		04A2109724A0D7C20035A596 /* ViewController.swift */ = {isa = PBXFileReference; lastKnownFileType = sourcecode.swift; path = ViewController.swift; sourceTree = "<group>"; };
		04A2109A24A0D7C20035A596 /* Base */ = {isa = PBXFileReference; lastKnownFileType = file.storyboard; name = Base; path = Base.lproj/Main.storyboard; sourceTree = "<group>"; };
		04A2109D24A0D7C20035A596 /* Doctor_App.xcdatamodel */ = {isa = PBXFileReference; lastKnownFileType = wrapper.xcdatamodel; path = Doctor_App.xcdatamodel; sourceTree = "<group>"; };
		04A2109F24A0D7C60035A596 /* Assets.xcassets */ = {isa = PBXFileReference; lastKnownFileType = folder.assetcatalog; path = Assets.xcassets; sourceTree = "<group>"; };
		04A210A224A0D7C60035A596 /* Base */ = {isa = PBXFileReference; lastKnownFileType = file.storyboard; name = Base; path = Base.lproj/LaunchScreen.storyboard; sourceTree = "<group>"; };
		04A210A424A0D7C60035A596 /* Info.plist */ = {isa = PBXFileReference; lastKnownFileType = text.plist.xml; path = Info.plist; sourceTree = "<group>"; };
/* End PBXFileReference section */

/* Begin PBXFrameworksBuildPhase section */
		04A2108D24A0D7C20035A596 /* Frameworks */ = {
			isa = PBXFrameworksBuildPhase;
			buildActionMask = 2147483647;
			files = (
			);
			runOnlyForDeploymentPostprocessing = 0;
		};
/* End PBXFrameworksBuildPhase section */

/* Begin PBXGroup section */
		04A2108724A0D7C20035A596 = {
			isa = PBXGroup;
			children = (
				04A2109224A0D7C20035A596 /* Doctor App */,
				04A2109124A0D7C20035A596 /* Products */,
			);
			sourceTree = "<group>";
		};
		04A2109124A0D7C20035A596 /* Products */ = {
			isa = PBXGroup;
			children = (
				04A2109024A0D7C20035A596 /* Doctor App.app */,
			);
			name = Products;
			sourceTree = "<group>";
		};
		04A2109224A0D7C20035A596 /* Doctor App */ = {
			isa = PBXGroup;
			children = (
				04A2109324A0D7C20035A596 /* AppDelegate.swift */,
				04A2109524A0D7C20035A596 /* SceneDelegate.swift */,
				04A2109724A0D7C20035A596 /* ViewController.swift */,
				04A2109924A0D7C20035A596 /* Main.storyboard */,
				04A2109F24A0D7C60035A596 /* Assets.xcassets */,
				04A210A124A0D7C60035A596 /* LaunchScreen.storyboard */,
				04A210A424A0D7C60035A596 /* Info.plist */,
				04A2109C24A0D7C20035A596 /* Doctor_App.xcdatamodeld */,
			);
			path = "Doctor App";
			sourceTree = "<group>";
		};
/* End PBXGroup section */

/* Begin PBXNativeTarget section */
		04A2108F24A0D7C20035A596 /* Doctor App */ = {
			isa = PBXNativeTarget;
			buildConfigurationList = 04A210A724A0D7C60035A596 /* Build configuration list for PBXNativeTarget "Doctor App" */;
			buildPhases = (
				04A2108C24A0D7C20035A596 /* Sources */,
				04A2108D24A0D7C20035A596 /* Frameworks */,
				04A2108E24A0D7C20035A596 /* Resources */,
			);
			buildRules = (
			);
			dependencies = (
			);
			name = "Doctor App";
			productName = "Doctor App";
			productReference = 04A2109024A0D7C20035A596 /* Doctor App.app */;
			productType = "com.apple.product-type.application";
		};
/* End PBXNativeTarget section */

/* Begin PBXProject section */
		04A2108824A0D7C20035A596 /* Project object */ = {
			isa = PBXProject;
			attributes = {
				LastSwiftUpdateCheck = 1130;
				LastUpgradeCheck = 1130;
				ORGANIZATIONNAME = mac;
				TargetAttributes = {
					04A2108F24A0D7C20035A596 = {
						CreatedOnToolsVersion = 11.3;
					};
				};
			};
			buildConfigurationList = 04A2108B24A0D7C20035A596 /* Build configuration list for PBXProject "Doctor App" */;
			compatibilityVersion = "Xcode 9.3";
			developmentRegion = en;
			hasScannedForEncodings = 0;
			knownRegions = (
				en,
				Base,
			);
			mainGroup = 04A2108724A0D7C20035A596;
			productRefGroup = 04A2109124A0D7C20035A596 /* Products */;
			projectDirPath = "";
			projectRoot = "";
			targets = (
				04A2108F24A0D7C20035A596 /* Doctor App */,
			);
		};
/* End PBXProject section */

/* Begin PBXResourcesBuildPhase section */
		04A2108E24A0D7C20035A596 /* Resources */ = {
			isa = PBXResourcesBuildPhase;
			buildActionMask = 2147483647;
			files = (
				04A210A324A0D7C60035A596 /* LaunchScreen.storyboard in Resources */,
				04A210A024A0D7C60035A596 /* Assets.xcassets in Resources */,
				04A2109B24A0D7C20035A596 /* Main.storyboard in Resources */,
			);
			runOnlyForDeploymentPostprocessing = 0;
		};
/* End PBXResourcesBuildPhase section */

/* Begin PBXSourcesBuildPhase section */
		04A2108C24A0D7C20035A596 /* Sources */ = {
			isa = PBXSourcesBuildPhase;
			buildActionMask = 2147483647;
			files = (
				04A2109824A0D7C20035A596 /* ViewController.swift in Sources */,
				04A2109424A0D7C20035A596 /* AppDelegate.swift in Sources */,
				04A2109E24A0D7C20035A596 /* Doctor_App.xcdatamodeld in Sources */,
				04A2109624A0D7C20035A596 /* SceneDelegate.swift in Sources */,
			);
			runOnlyForDeploymentPostprocessing = 0;
		};
/* End PBXSourcesBuildPhase section */

/* Begin PBXVariantGroup section */
		04A2109924A0D7C20035A596 /* Main.storyboard */ = {
			isa = PBXVariantGroup;
			children = (
				04A2109A24A0D7C20035A596 /* Base */,
			);
			name = Main.storyboard;
			sourceTree = "<group>";
		};
		04A210A124A0D7C60035A596 /* LaunchScreen.storyboard */ = {
			isa = PBXVariantGroup;
			children = (
				04A210A224A0D7C60035A596 /* Base */,
			);
			name = LaunchScreen.storyboard;
			sourceTree = "<group>";
		};
/* End PBXVariantGroup section */

/* Begin XCBuildConfiguration section */
		04A210A524A0D7C60035A596 /* Debug */ = {
			isa = XCBuildConfiguration;
			buildSettings = {
				ALWAYS_SEARCH_USER_PATHS = NO;
				CLANG_ANALYZER_NONNULL = YES;
				CLANG_ANALYZER_NUMBER_OBJECT_CONVERSION = YES_AGGRESSIVE;
				CLANG_CXX_LANGUAGE_STANDARD = "gnu++14";
				CLANG_CXX_LIBRARY = "libc++";
				CLANG_ENABLE_MODULES = YES;
				CLANG_ENABLE_OBJC_ARC = YES;
				CLANG_ENABLE_OBJC_WEAK = YES;
				CLANG_WARN_BLOCK_CAPTURE_AUTORELEASING = YES;
				CLANG_WARN_BOOL_CONVERSION = YES;
				CLANG_WARN_COMMA = YES;
				CLANG_WARN_CONSTANT_CONVERSION = YES;
				CLANG_WARN_DEPRECATED_OBJC_IMPLEMENTATIONS = YES;
				CLANG_WARN_DIRECT_OBJC_ISA_USAGE = YES_ERROR;
				CLANG_WARN_DOCUMENTATION_COMMENTS = YES;
				CLANG_WARN_EMPTY_BODY = YES;
				CLANG_WARN_ENUM_CONVERSION = YES;
				CLANG_WARN_INFINITE_RECURSION = YES;
				CLANG_WARN_INT_CONVERSION = YES;
				CLANG_WARN_NON_LITERAL_NULL_CONVERSION = YES;
				CLANG_WARN_OBJC_IMPLICIT_RETAIN_SELF = YES;
				CLANG_WARN_OBJC_LITERAL_CONVERSION = YES;
				CLANG_WARN_OBJC_ROOT_CLASS = YES_ERROR;
				CLANG_WARN_RANGE_LOOP_ANALYSIS = YES;
				CLANG_WARN_STRICT_PROTOTYPES = YES;
				CLANG_WARN_SUSPICIOUS_MOVE = YES;
				CLANG_WARN_UNGUARDED_AVAILABILITY = YES_AGGRESSIVE;
				CLANG_WARN_UNREACHABLE_CODE = YES;
				CLANG_WARN__DUPLICATE_METHOD_MATCH = YES;
				COPY_PHASE_STRIP = NO;
				DEBUG_INFORMATION_FORMAT = dwarf;
				ENABLE_STRICT_OBJC_MSGSEND = YES;
				ENABLE_TESTABILITY = YES;
				GCC_C_LANGUAGE_STANDARD = gnu11;
				GCC_DYNAMIC_NO_PIC = NO;
				GCC_NO_COMMON_BLOCKS = YES;
				GCC_OPTIMIZATION_LEVEL = 0;
				GCC_PREPROCESSOR_DEFINITIONS = (
					"DEBUG=1",
					"$(inherited)",
				);
				GCC_WARN_64_TO_32_BIT_CONVERSION = YES;
				GCC_WARN_ABOUT_RETURN_TYPE = YES_ERROR;
				GCC_WARN_UNDECLARED_SELECTOR = YES;
				GCC_WARN_UNINITIALIZED_AUTOS = YES_AGGRESSIVE;
				GCC_WARN_UNUSED_FUNCTION = YES;
				GCC_WARN_UNUSED_VARIABLE = YES;
				IPHONEOS_DEPLOYMENT_TARGET = 13.2;
				MTL_ENABLE_DEBUG_INFO = INCLUDE_SOURCE;
				MTL_FAST_MATH = YES;
				ONLY_ACTIVE_ARCH = YES;
				SDKROOT = iphoneos;
				SWIFT_ACTIVE_COMPILATION_CONDITIONS = DEBUG;
				SWIFT_OPTIMIZATION_LEVEL = "-Onone";
			};
			name = Debug;
		};
		04A210A624A0D7C60035A596 /* Release */ = {
			isa = XCBuildConfiguration;
			buildSettings = {
				ALWAYS_SEARCH_USER_PATHS = NO;
				CLANG_ANALYZER_NONNULL = YES;
				CLANG_ANALYZER_NUMBER_OBJECT_CONVERSION = YES_AGGRESSIVE;
				CLANG_CXX_LANGUAGE_STANDARD = "gnu++14";
				CLANG_CXX_LIBRARY = "libc++";
				CLANG_ENABLE_MODULES = YES;
				CLANG_ENABLE_OBJC_ARC = YES;
				CLANG_ENABLE_OBJC_WEAK = YES;
				CLANG_WARN_BLOCK_CAPTURE_AUTORELEASING = YES;
				CLANG_WARN_BOOL_CONVERSION = YES;
				CLANG_WARN_COMMA = YES;
				CLANG_WARN_CONSTANT_CONVERSION = YES;
				CLANG_WARN_DEPRECATED_OBJC_IMPLEMENTATIONS = YES;
				CLANG_WARN_DIRECT_OBJC_ISA_USAGE = YES_ERROR;
				CLANG_WARN_DOCUMENTATION_COMMENTS = YES;
				CLANG_WARN_EMPTY_BODY = YES;
				CLANG_WARN_ENUM_CONVERSION = YES;
				CLANG_WARN_INFINITE_RECURSION = YES;
				CLANG_WARN_INT_CONVERSION = YES;
				CLANG_WARN_NON_LITERAL_NULL_CONVERSION = YES;
				CLANG_WARN_OBJC_IMPLICIT_RETAIN_SELF = YES;
				CLANG_WARN_OBJC_LITERAL_CONVERSION = YES;
				CLANG_WARN_OBJC_ROOT_CLASS = YES_ERROR;
				CLANG_WARN_RANGE_LOOP_ANALYSIS = YES;
				CLANG_WARN_STRICT_PROTOTYPES = YES;
				CLANG_WARN_SUSPICIOUS_MOVE = YES;
				CLANG_WARN_UNGUARDED_AVAILABILITY = YES_AGGRESSIVE;
				CLANG_WARN_UNREACHABLE_CODE = YES;
				CLANG_WARN__DUPLICATE_METHOD_MATCH = YES;
				COPY_PHASE_STRIP = NO;
				DEBUG_INFORMATION_FORMAT = "dwarf-with-dsym";
				ENABLE_NS_ASSERTIONS = NO;
				ENABLE_STRICT_OBJC_MSGSEND = YES;
				GCC_C_LANGUAGE_STANDARD = gnu11;
				GCC_NO_COMMON_BLOCKS = YES;
				GCC_WARN_64_TO_32_BIT_CONVERSION = YES;
				GCC_WARN_ABOUT_RETURN_TYPE = YES_ERROR;
				GCC_WARN_UNDECLARED_SELECTOR = YES;
				GCC_WARN_UNINITIALIZED_AUTOS = YES_AGGRESSIVE;
				GCC_WARN_UNUSED_FUNCTION = YES;
				GCC_WARN_UNUSED_VARIABLE = YES;
				IPHONEOS_DEPLOYMENT_TARGET = 13.2;
				MTL_ENABLE_DEBUG_INFO = NO;
				MTL_FAST_MATH = YES;
				SDKROOT = iphoneos;
				SWIFT_COMPILATION_MODE = wholemodule;
				SWIFT_OPTIMIZATION_LEVEL = "-O";
				VALIDATE_PRODUCT = YES;
			};
			name = Release;
		};
		04A210A824A0D7C60035A596 /* Debug */ = {
			isa = XCBuildConfiguration;
			buildSettings = {
				ASSETCATALOG_COMPILER_APPICON_NAME = AppIcon;
				CODE_SIGN_STYLE = Automatic;
				INFOPLIST_FILE = "Doctor App/Info.plist";
				LD_RUNPATH_SEARCH_PATHS = (
					"$(inherited)",
					"@executable_path/Frameworks",
				);
				PRODUCT_BUNDLE_IDENTIFIER = "infograins.Doctor-App";
				PRODUCT_NAME = "$(TARGET_NAME)";
				SWIFT_VERSION = 5.0;
				TARGETED_DEVICE_FAMILY = "1,2";
			};
			name = Debug;
		};
		04A210A924A0D7C60035A596 /* Release */ = {
			isa = XCBuildConfiguration;
			buildSettings = {
				ASSETCATALOG_COMPILER_APPICON_NAME = AppIcon;
				CODE_SIGN_STYLE = Automatic;
				INFOPLIST_FILE = "Doctor App/Info.plist";
				LD_RUNPATH_SEARCH_PATHS = (
					"$(inherited)",
					"@executable_path/Frameworks",
				);
				PRODUCT_BUNDLE_IDENTIFIER = "infograins.Doctor-App";
				PRODUCT_NAME = "$(TARGET_NAME)";
				SWIFT_VERSION = 5.0;
				TARGETED_DEVICE_FAMILY = "1,2";
			};
			name = Release;
		};
/* End XCBuildConfiguration section */

/* Begin XCConfigurationList section */
		04A2108B24A0D7C20035A596 /* Build configuration list for PBXProject "Doctor App" */ = {
			isa = XCConfigurationList;
			buildConfigurations = (
				04A210A524A0D7C60035A596 /* Debug */,
				04A210A624A0D7C60035A596 /* Release */,
			);
			defaultConfigurationIsVisible = 0;
			defaultConfigurationName = Release;
		};
		04A210A724A0D7C60035A596 /* Build configuration list for PBXNativeTarget "Doctor App" */ = {
			isa = XCConfigurationList;
			buildConfigurations = (
				04A210A824A0D7C60035A596 /* Debug */,
				04A210A924A0D7C60035A596 /* Release */,
			);
			defaultConfigurationIsVisible = 0;
			defaultConfigurationName = Release;
		};
/* End XCConfigurationList section */

/* Begin XCVersionGroup section */
		04A2109C24A0D7C20035A596 /* Doctor_App.xcdatamodeld */ = {
			isa = XCVersionGroup;
			children = (
				04A2109D24A0D7C20035A596 /* Doctor_App.xcdatamodel */,
			);
			currentVersion = 04A2109D24A0D7C20035A596 /* Doctor_App.xcdatamodel */;
			path = Doctor_App.xcdatamodeld;
			sourceTree = "<group>";
			versionGroupType = wrapper.xcdatamodel;
		};
/* End XCVersionGroup section */
	};
	rootObject = 04A2108824A0D7C20035A596 /* Project object */;
}
